
Microsoft Visual Studio Solution File, Format Version 12.00
# Visual Studio Version 16
VisualStudioVersion = 16.0.29326.143
MinimumVisualStudioVersion = 10.0.40219.1
Project("{9A19103F-16F7-4668-BE54-9A1E7A4F7556}") = "QQKrakenAPI", "QQKrakenAPI\QQKrakenAPI.csproj", "{2F06CCA4-1AD8-4D4C-AF73-35ED9ECE0764}"
EndProject
Project("{9A19103F-16F7-4668-BE54-9A1E7A4F7556}") = "qqkraken.model", "qqkraken.model\qqkraken.model.csproj", "{4C91217A-4C86-468B-814D-215421AB2C37}"
EndProject
Project("{2150E333-8FDC-42A3-9474-1A3956D46DE8}") = "Solution Items", "Solution Items", "{E1A9CB62-99AE-4F7B-ADE5-13B474939DFB}"
	ProjectSection(SolutionItems) = preProject
		.gitignore = .gitignore
	EndProjectSection
EndProject
Global
	GlobalSection(SolutionConfigurationPlatforms) = preSolution
		Debug|Any CPU = Debug|Any CPU
		Release|Any CPU = Release|Any CPU
	EndGlobalSection
	GlobalSection(ProjectConfigurationPlatforms) = postSolution
		{2F06CCA4-1AD8-4D4C-AF73-35ED9ECE0764}.Debug|Any CPU.ActiveCfg = Debug|Any CPU
		{2F06CCA4-1AD8-4D4C-AF73-35ED9ECE0764}.Debug|Any CPU.Build.0 = Debug|Any CPU
		{2F06CCA4-1AD8-4D4C-AF73-35ED9ECE0764}.Release|Any CPU.ActiveCfg = Release|Any CPU
		{2F06CCA4-1AD8-4D4C-AF73-35ED9ECE0764}.Release|Any CPU.Build.0 = Release|Any CPU
		{4C91217A-4C86-468B-814D-215421AB2C37}.Debug|Any CPU.ActiveCfg = Debug|Any CPU
		{4C91217A-4C86-468B-814D-215421AB2C37}.Debug|Any CPU.Build.0 = Debug|Any CPU
		{4C91217A-4C86-468B-814D-215421AB2C37}.Release|Any CPU.ActiveCfg = Release|Any CPU
		{4C91217A-4C86-468B-814D-215421AB2C37}.Release|Any CPU.Build.0 = Release|Any CPU
	EndGlobalSection
	GlobalSection(SolutionProperties) = preSolution
		HideSolutionNode = FALSE
	EndGlobalSection
	GlobalSection(ExtensibilityGlobals) = postSolution
		SolutionGuid = {84536E33-22C1-48AA-AB6C-D609B0260ECD}
	EndGlobalSection
EndGlobal
